
Microsoft Visual Studio Solution File, Format Version 12.00
# Visual Studio Version 17
VisualStudioVersion = 17.7.34031.279
MinimumVisualStudioVersion = 10.0.40219.1
Project("{9A19103F-16F7-4668-BE54-9A1E7A4F7556}") = "BSDesigner.Core", "BSDesigner.Core\BSDesigner.Core.csproj", "{A2659A27-6621-4A49-AE75-1EB174B8286D}"
EndProject
Project("{9A19103F-16F7-4668-BE54-9A1E7A4F7556}") = "TestBSD.Core", "TestBSD.Core\TestBSD.Core.csproj", "{C6E3C6D2-E487-4A64-9A34-1BBBCA92F010}"
EndProject
Project("{9A19103F-16F7-4668-BE54-9A1E7A4F7556}") = "BSDesigner.BehaviourTrees", "BSDesigner.BehaviourTrees\BSDesigner.BehaviourTrees.csproj", "{8F407F3A-46EF-43C3-B742-E588D2E6E222}"
EndProject
Project("{9A19103F-16F7-4668-BE54-9A1E7A4F7556}") = "TestBSD.BehaviourTrees", "TestBSD.BehaviourTrees\TestBSD.BehaviourTrees.csproj", "{F1CE7E8B-ED1E-405A-973C-1484888751F5}"
EndProject
Project("{9A19103F-16F7-4668-BE54-9A1E7A4F7556}") = "BSDesigner.StateMachines", "BSDesigner.StateMachines\BSDesigner.StateMachines.csproj", "{6237F0C0-E4B2-4492-A071-71BBBB9AAE01}"
EndProject
Project("{9A19103F-16F7-4668-BE54-9A1E7A4F7556}") = "TestBSD.StateMachines", "TestBSD.StateMachines\TestBSD.StateMachines.csproj", "{37D2F913-C965-4235-910C-F4186F7B0513}"
EndProject
Project("{9A19103F-16F7-4668-BE54-9A1E7A4F7556}") = "BSDesigner.UtilitySystems", "BSDesigner.UtilitySystems\BSDesigner.UtilitySystems.csproj", "{859827FA-E1D4-4ED5-AA29-3A59578B53A3}"
EndProject
Project("{9A19103F-16F7-4668-BE54-9A1E7A4F7556}") = "TestBSD.UtilitySystems", "TestBSD.UtilitySystems\TestBSD.UtilitySystems.csproj", "{88C4B68F-90AD-4B58-9522-B47C21A74F2F}"
EndProject
Project("{9A19103F-16F7-4668-BE54-9A1E7A4F7556}") = "BSDesigner.JsonSerialization", "BehaviourDesigner.JsonSerialization\BSDesigner.JsonSerialization.csproj", "{5182EE52-43CE-49FC-93D7-126BEF4D29D4}"
EndProject
Project("{9A19103F-16F7-4668-BE54-9A1E7A4F7556}") = "TestBSD.JsonSerialization", "TestBSD.JsonSerialization\TestBSD.JsonSerialization.csproj", "{1FC33EB7-795D-489E-B8C6-121DD9AD96FC}"
EndProject
Global
	GlobalSection(SolutionConfigurationPlatforms) = preSolution
		Debug|Any CPU = Debug|Any CPU
		Release|Any CPU = Release|Any CPU
	EndGlobalSection
	GlobalSection(ProjectConfigurationPlatforms) = postSolution
		{A2659A27-6621-4A49-AE75-1EB174B8286D}.Debug|Any CPU.ActiveCfg = Debug|Any CPU
		{A2659A27-6621-4A49-AE75-1EB174B8286D}.Debug|Any CPU.Build.0 = Debug|Any CPU
		{A2659A27-6621-4A49-AE75-1EB174B8286D}.Release|Any CPU.ActiveCfg = Release|Any CPU
		{A2659A27-6621-4A49-AE75-1EB174B8286D}.Release|Any CPU.Build.0 = Release|Any CPU
		{C6E3C6D2-E487-4A64-9A34-1BBBCA92F010}.Debug|Any CPU.ActiveCfg = Debug|Any CPU
		{C6E3C6D2-E487-4A64-9A34-1BBBCA92F010}.Debug|Any CPU.Build.0 = Debug|Any CPU
		{C6E3C6D2-E487-4A64-9A34-1BBBCA92F010}.Release|Any CPU.ActiveCfg = Release|Any CPU
		{C6E3C6D2-E487-4A64-9A34-1BBBCA92F010}.Release|Any CPU.Build.0 = Release|Any CPU
		{8F407F3A-46EF-43C3-B742-E588D2E6E222}.Debug|Any CPU.ActiveCfg = Debug|Any CPU
		{8F407F3A-46EF-43C3-B742-E588D2E6E222}.Debug|Any CPU.Build.0 = Debug|Any CPU
		{8F407F3A-46EF-43C3-B742-E588D2E6E222}.Release|Any CPU.ActiveCfg = Release|Any CPU
		{8F407F3A-46EF-43C3-B742-E588D2E6E222}.Release|Any CPU.Build.0 = Release|Any CPU
		{F1CE7E8B-ED1E-405A-973C-1484888751F5}.Debug|Any CPU.ActiveCfg = Debug|Any CPU
		{F1CE7E8B-ED1E-405A-973C-1484888751F5}.Debug|Any CPU.Build.0 = Debug|Any CPU
		{F1CE7E8B-ED1E-405A-973C-1484888751F5}.Release|Any CPU.ActiveCfg = Release|Any CPU
		{F1CE7E8B-ED1E-405A-973C-1484888751F5}.Release|Any CPU.Build.0 = Release|Any CPU
		{6237F0C0-E4B2-4492-A071-71BBBB9AAE01}.Debug|Any CPU.ActiveCfg = Debug|Any CPU
		{6237F0C0-E4B2-4492-A071-71BBBB9AAE01}.Debug|Any CPU.Build.0 = Debug|Any CPU
		{6237F0C0-E4B2-4492-A071-71BBBB9AAE01}.Release|Any CPU.ActiveCfg = Release|Any CPU
		{6237F0C0-E4B2-4492-A071-71BBBB9AAE01}.Release|Any CPU.Build.0 = Release|Any CPU
		{37D2F913-C965-4235-910C-F4186F7B0513}.Debug|Any CPU.ActiveCfg = Debug|Any CPU
		{37D2F913-C965-4235-910C-F4186F7B0513}.Debug|Any CPU.Build.0 = Debug|Any CPU
		{37D2F913-C965-4235-910C-F4186F7B0513}.Release|Any CPU.ActiveCfg = Release|Any CPU
		{37D2F913-C965-4235-910C-F4186F7B0513}.Release|Any CPU.Build.0 = Release|Any CPU
		{859827FA-E1D4-4ED5-AA29-3A59578B53A3}.Debug|Any CPU.ActiveCfg = Debug|Any CPU
		{859827FA-E1D4-4ED5-AA29-3A59578B53A3}.Debug|Any CPU.Build.0 = Debug|Any CPU
		{859827FA-E1D4-4ED5-AA29-3A59578B53A3}.Release|Any CPU.ActiveCfg = Release|Any CPU
		{859827FA-E1D4-4ED5-AA29-3A59578B53A3}.Release|Any CPU.Build.0 = Release|Any CPU
		{88C4B68F-90AD-4B58-9522-B47C21A74F2F}.Debug|Any CPU.ActiveCfg = Debug|Any CPU
		{88C4B68F-90AD-4B58-9522-B47C21A74F2F}.Debug|Any CPU.Build.0 = Debug|Any CPU
		{88C4B68F-90AD-4B58-9522-B47C21A74F2F}.Release|Any CPU.ActiveCfg = Release|Any CPU
		{88C4B68F-90AD-4B58-9522-B47C21A74F2F}.Release|Any CPU.Build.0 = Release|Any CPU
		{5182EE52-43CE-49FC-93D7-126BEF4D29D4}.Debug|Any CPU.ActiveCfg = Debug|Any CPU
		{5182EE52-43CE-49FC-93D7-126BEF4D29D4}.Debug|Any CPU.Build.0 = Debug|Any CPU
		{5182EE52-43CE-49FC-93D7-126BEF4D29D4}.Release|Any CPU.ActiveCfg = Release|Any CPU
		{5182EE52-43CE-49FC-93D7-126BEF4D29D4}.Release|Any CPU.Build.0 = Release|Any CPU
		{1FC33EB7-795D-489E-B8C6-121DD9AD96FC}.Debug|Any CPU.ActiveCfg = Debug|Any CPU
		{1FC33EB7-795D-489E-B8C6-121DD9AD96FC}.Debug|Any CPU.Build.0 = Debug|Any CPU
		{1FC33EB7-795D-489E-B8C6-121DD9AD96FC}.Release|Any CPU.ActiveCfg = Release|Any CPU
		{1FC33EB7-795D-489E-B8C6-121DD9AD96FC}.Release|Any CPU.Build.0 = Release|Any CPU
	EndGlobalSection
	GlobalSection(SolutionProperties) = preSolution
		HideSolutionNode = FALSE
	EndGlobalSection
	GlobalSection(ExtensibilityGlobals) = postSolution
		SolutionGuid = {0A2B66D7-10EC-4B12-BC10-2C354501C5B3}
	EndGlobalSection
EndGlobal
