
Microsoft Visual Studio Solution File, Format Version 12.00
# Visual Studio Version 17
VisualStudioVersion = 17.7.34031.279
MinimumVisualStudioVersion = 10.0.40219.1
Project("{9A19103F-16F7-4668-BE54-9A1E7A4F7556}") = "BSDesigner.Core", "BSDesigner.Core\BSDesigner.Core.csproj", "{A2659A27-6621-4A49-AE75-1EB174B8286D}"
EndProject
Project("{9A19103F-16F7-4668-BE54-9A1E7A4F7556}") = "TestBSD.Core", "TestBSD.Core\TestBSD.Core.csproj", "{C6E3C6D2-E487-4A64-9A34-1BBBCA92F010}"
EndProject
Global
	GlobalSection(SolutionConfigurationPlatforms) = preSolution
		Debug|Any CPU = Debug|Any CPU
		Release|Any CPU = Release|Any CPU
	EndGlobalSection
	GlobalSection(ProjectConfigurationPlatforms) = postSolution
		{A2659A27-6621-4A49-AE75-1EB174B8286D}.Debug|Any CPU.ActiveCfg = Debug|Any CPU
		{A2659A27-6621-4A49-AE75-1EB174B8286D}.Debug|Any CPU.Build.0 = Debug|Any CPU
		{A2659A27-6621-4A49-AE75-1EB174B8286D}.Release|Any CPU.ActiveCfg = Release|Any CPU
		{A2659A27-6621-4A49-AE75-1EB174B8286D}.Release|Any CPU.Build.0 = Release|Any CPU
		{C6E3C6D2-E487-4A64-9A34-1BBBCA92F010}.Debug|Any CPU.ActiveCfg = Debug|Any CPU
		{C6E3C6D2-E487-4A64-9A34-1BBBCA92F010}.Debug|Any CPU.Build.0 = Debug|Any CPU
		{C6E3C6D2-E487-4A64-9A34-1BBBCA92F010}.Release|Any CPU.ActiveCfg = Release|Any CPU
		{C6E3C6D2-E487-4A64-9A34-1BBBCA92F010}.Release|Any CPU.Build.0 = Release|Any CPU
	EndGlobalSection
	GlobalSection(SolutionProperties) = preSolution
		HideSolutionNode = FALSE
	EndGlobalSection
	GlobalSection(ExtensibilityGlobals) = postSolution
		SolutionGuid = {0A2B66D7-10EC-4B12-BC10-2C354501C5B3}
	EndGlobalSection
EndGlobal
